{
  "name": "gitsy",
  "version": "1.0.0",
  "lockfileVersion": 3,
  "requires": true,
  "packages": {
    "": {
      "name": "gitsy",
      "version": "1.0.0",
      "hasInstallScript": true,
      "license": "MIT",
      "os": [
        "darwin",
        "linux"
      ],
      "bin": {
        "g-cb": "g-cb",
        "g-co": "g-co",
        "g-db": "g-db",
        "g-diff": "g-diff",
        "g-dlc": "g-dlc",
        "g-pull": "g-pull",
        "g-push": "g-push",
        "g-rmf": "g-rmf",
        "g-rto": "g-rto",
        "g-s": "g-s",
        "g-wa": "g-wa",
        "g-wr": "g-wr"
      },
      "engines": {
        "node": ">=12.0.0"
      }
    }
  }
}
